
Microsoft Visual Studio Solution File, Format Version 12.00
# Visual Studio Version 16
VisualStudioVersion = 16.0.30323.103
MinimumVisualStudioVersion = 10.0.40219.1
Project("{9A19103F-16F7-4668-BE54-9A1E7A4F7556}") = "TagHelperTest", "TagHelperTest\TagHelperTest.csproj", "{CB8A6D22-7471-4FFF-B926-526D9FCFBA00}"
EndProject
Project("{2150E333-8FDC-42A3-9474-1A3956D46DE8}") = "Solution Items", "Solution Items", "{5C1E0CE1-8E42-4EFD-B903-0142AD665486}"
	ProjectSection(SolutionItems) = preProject
		README.md = README.md
	EndProjectSection
EndProject
Global
	GlobalSection(SolutionConfigurationPlatforms) = preSolution
		Debug|Any CPU = Debug|Any CPU
		Release|Any CPU = Release|Any CPU
	EndGlobalSection
	GlobalSection(ProjectConfigurationPlatforms) = postSolution
		{CB8A6D22-7471-4FFF-B926-526D9FCFBA00}.Debug|Any CPU.ActiveCfg = Debug|Any CPU
		{CB8A6D22-7471-4FFF-B926-526D9FCFBA00}.Debug|Any CPU.Build.0 = Debug|Any CPU
		{CB8A6D22-7471-4FFF-B926-526D9FCFBA00}.Release|Any CPU.ActiveCfg = Release|Any CPU
		{CB8A6D22-7471-4FFF-B926-526D9FCFBA00}.Release|Any CPU.Build.0 = Release|Any CPU
	EndGlobalSection
	GlobalSection(SolutionProperties) = preSolution
		HideSolutionNode = FALSE
	EndGlobalSection
	GlobalSection(ExtensibilityGlobals) = postSolution
		SolutionGuid = {DF7BB3AB-F33B-48AD-B23E-3931D013DE79}
	EndGlobalSection
EndGlobal
